
Microsoft Visual Studio Solution File, Format Version 12.00
# Visual Studio Version 17
VisualStudioVersion = 17.6.33723.286
MinimumVisualStudioVersion = 10.0.40219.1
Project("{FAE04EC0-301F-11D3-BF4B-00C04F79EFBC}") = "WinFormsApp3", "WinFormsApp3\WinFormsApp3.csproj", "{E0839EEB-7EF8-45BF-ACE9-578A418DAB9B}"
EndProject
Global
	GlobalSection(SolutionConfigurationPlatforms) = preSolution
		Debug|Any CPU = Debug|Any CPU
		Release|Any CPU = Release|Any CPU
	EndGlobalSection
	GlobalSection(ProjectConfigurationPlatforms) = postSolution
		{E0839EEB-7EF8-45BF-ACE9-578A418DAB9B}.Debug|Any CPU.ActiveCfg = Debug|Any CPU
		{E0839EEB-7EF8-45BF-ACE9-578A418DAB9B}.Debug|Any CPU.Build.0 = Debug|Any CPU
		{E0839EEB-7EF8-45BF-ACE9-578A418DAB9B}.Release|Any CPU.ActiveCfg = Release|Any CPU
		{E0839EEB-7EF8-45BF-ACE9-578A418DAB9B}.Release|Any CPU.Build.0 = Release|Any CPU
	EndGlobalSection
	GlobalSection(SolutionProperties) = preSolution
		HideSolutionNode = FALSE
	EndGlobalSection
	GlobalSection(ExtensibilityGlobals) = postSolution
		SolutionGuid = {8C18BC43-F8FC-46BE-BA09-2E47D1882DB5}
	EndGlobalSection
EndGlobal
